
Microsoft Visual Studio Solution File, Format Version 12.00
# Visual Studio Version 16
VisualStudioVersion = 16.0.31321.278
MinimumVisualStudioVersion = 10.0.40219.1
Project("{9A19103F-16F7-4668-BE54-9A1E7A4F7556}") = "NebulaCompatibilityAssist", "NebulaCompatibilityAssist\NebulaCompatibilityAssist.csproj", "{81CC9FE0-5F90-45E8-BE83-3C6F125C3158}"
EndProject
Project("{FAE04EC0-301F-11D3-BF4B-00C04F79EFBC}") = "ModFixerOnePreloader", "ModFixerOnePreloader\ModFixerOnePreloader.csproj", "{DFAE1E99-3B26-43C4-BD5C-40F86CB3A6D1}"
EndProject
Project("{9A19103F-16F7-4668-BE54-9A1E7A4F7556}") = "ModFixerOne", "ModFixerOne\ModFixerOne.csproj", "{40BB110B-CC48-4BD5-AB81-26AF6D3BA2BC}"
EndProject
Project("{9A19103F-16F7-4668-BE54-9A1E7A4F7556}") = "FactoryLocator", "FactoryLocator\FactoryLocator.csproj", "{9447B58A-F64F-4704-8C4C-B3CBB5BD8228}"
EndProject
Global
	GlobalSection(SolutionConfigurationPlatforms) = preSolution
		Debug|Any CPU = Debug|Any CPU
		Release|Any CPU = Release|Any CPU
	EndGlobalSection
	GlobalSection(ProjectConfigurationPlatforms) = postSolution
		{81CC9FE0-5F90-45E8-BE83-3C6F125C3158}.Debug|Any CPU.ActiveCfg = Debug|Any CPU
		{81CC9FE0-5F90-45E8-BE83-3C6F125C3158}.Debug|Any CPU.Build.0 = Debug|Any CPU
		{81CC9FE0-5F90-45E8-BE83-3C6F125C3158}.Release|Any CPU.ActiveCfg = Release|Any CPU
		{81CC9FE0-5F90-45E8-BE83-3C6F125C3158}.Release|Any CPU.Build.0 = Release|Any CPU
		{DFAE1E99-3B26-43C4-BD5C-40F86CB3A6D1}.Debug|Any CPU.ActiveCfg = Debug|Any CPU
		{DFAE1E99-3B26-43C4-BD5C-40F86CB3A6D1}.Debug|Any CPU.Build.0 = Debug|Any CPU
		{DFAE1E99-3B26-43C4-BD5C-40F86CB3A6D1}.Release|Any CPU.ActiveCfg = Release|Any CPU
		{DFAE1E99-3B26-43C4-BD5C-40F86CB3A6D1}.Release|Any CPU.Build.0 = Release|Any CPU
		{40BB110B-CC48-4BD5-AB81-26AF6D3BA2BC}.Debug|Any CPU.ActiveCfg = Debug|Any CPU
		{40BB110B-CC48-4BD5-AB81-26AF6D3BA2BC}.Debug|Any CPU.Build.0 = Debug|Any CPU
		{40BB110B-CC48-4BD5-AB81-26AF6D3BA2BC}.Release|Any CPU.ActiveCfg = Release|Any CPU
		{40BB110B-CC48-4BD5-AB81-26AF6D3BA2BC}.Release|Any CPU.Build.0 = Release|Any CPU
		{9447B58A-F64F-4704-8C4C-B3CBB5BD8228}.Debug|Any CPU.ActiveCfg = Debug|Any CPU
		{9447B58A-F64F-4704-8C4C-B3CBB5BD8228}.Debug|Any CPU.Build.0 = Debug|Any CPU
		{9447B58A-F64F-4704-8C4C-B3CBB5BD8228}.Release|Any CPU.ActiveCfg = Release|Any CPU
		{9447B58A-F64F-4704-8C4C-B3CBB5BD8228}.Release|Any CPU.Build.0 = Release|Any CPU
	EndGlobalSection
	GlobalSection(SolutionProperties) = preSolution
		HideSolutionNode = FALSE
	EndGlobalSection
	GlobalSection(ExtensibilityGlobals) = postSolution
		SolutionGuid = {ECCEAD65-C209-4689-81E3-02218CF68685}
	EndGlobalSection
EndGlobal
