
Microsoft Visual Studio Solution File, Format Version 12.00
# Visual Studio Version 16
VisualStudioVersion = 16.0.31321.278
MinimumVisualStudioVersion = 10.0.40219.1
Project("{9A19103F-16F7-4668-BE54-9A1E7A4F7556}") = "NebulaCompatibilityAssist", "NebulaCompatibilityAssist\NebulaCompatibilityAssist.csproj", "{81CC9FE0-5F90-45E8-BE83-3C6F125C3158}"
EndProject
Project("{FAE04EC0-301F-11D3-BF4B-00C04F79EFBC}") = "ModFixerOnePreloader", "ModFixerOnePreloader\ModFixerOnePreloader.csproj", "{DFAE1E99-3B26-43C4-BD5C-40F86CB3A6D1}"
EndProject
Project("{9A19103F-16F7-4668-BE54-9A1E7A4F7556}") = "ModFixerOne", "ModFixerOne\ModFixerOne.csproj", "{40BB110B-CC48-4BD5-AB81-26AF6D3BA2BC}"
EndProject
Project("{9A19103F-16F7-4668-BE54-9A1E7A4F7556}") = "FactoryLocator", "FactoryLocator\FactoryLocator.csproj", "{9447B58A-F64F-4704-8C4C-B3CBB5BD8228}"
EndProject
Project("{9A19103F-16F7-4668-BE54-9A1E7A4F7556}") = "SF_ChinesePatch", "SF_ChinesePatch\SF_ChinesePatch.csproj", "{C99E25F8-9144-4B00-B199-D137CBE641C6}"
EndProject
Project("{9A19103F-16F7-4668-BE54-9A1E7A4F7556}") = "StatsUITweaks", "StatsUITweaks\StatsUITweaks.csproj", "{1E7B7FAE-C806-43CA-BE3D-D937D7100783}"
EndProject
Project("{9A19103F-16F7-4668-BE54-9A1E7A4F7556}") = "ErrorAnalyzer", "ErrorAnalyzer\ErrorAnalyzer.csproj", "{DA417FCA-942F-4928-867B-7DF0D9BA0CDC}"
EndProject
Project("{9A19103F-16F7-4668-BE54-9A1E7A4F7556}") = "MassRecipePaste", "MassRecipePaste\MassRecipePaste.csproj", "{3DD57F28-F167-4729-A348-F927FD5F0915}"
EndProject
Project("{9A19103F-16F7-4668-BE54-9A1E7A4F7556}") = "AutoTranslatorHelper", "AutoTranslatorHelper\AutoTranslatorHelper.csproj", "{78D8C433-F815-4657-B313-6CEA99FDA2CD}"
EndProject
Project("{FAE04EC0-301F-11D3-BF4B-00C04F79EFBC}") = "SaveTheWindows", "SaveTheWindows\SaveTheWindows.csproj", "{5404C57F-3D28-4502-9DC3-68A82C108B4F}"
EndProject
Project("{9A19103F-16F7-4668-BE54-9A1E7A4F7556}") = "CameraTools", "CameraTools\CameraTools.csproj", "{1F752EBC-B919-4A7E-AC02-D0000E61FAD4}"
EndProject
Project("{FAE04EC0-301F-11D3-BF4B-00C04F79EFBC}") = "RateMonitor", "RateMonitor\RateMonitor.csproj", "{E8FD28A8-FE56-4C07-A967-5B51A065EB87}"
EndProject
Global
	GlobalSection(SolutionConfigurationPlatforms) = preSolution
		Debug|Any CPU = Debug|Any CPU
		Release|Any CPU = Release|Any CPU
	EndGlobalSection
	GlobalSection(ProjectConfigurationPlatforms) = postSolution
		{81CC9FE0-5F90-45E8-BE83-3C6F125C3158}.Debug|Any CPU.ActiveCfg = Debug|Any CPU
		{81CC9FE0-5F90-45E8-BE83-3C6F125C3158}.Debug|Any CPU.Build.0 = Debug|Any CPU
		{81CC9FE0-5F90-45E8-BE83-3C6F125C3158}.Release|Any CPU.ActiveCfg = Release|Any CPU
		{81CC9FE0-5F90-45E8-BE83-3C6F125C3158}.Release|Any CPU.Build.0 = Release|Any CPU
		{DFAE1E99-3B26-43C4-BD5C-40F86CB3A6D1}.Debug|Any CPU.ActiveCfg = Debug|Any CPU
		{DFAE1E99-3B26-43C4-BD5C-40F86CB3A6D1}.Debug|Any CPU.Build.0 = Debug|Any CPU
		{DFAE1E99-3B26-43C4-BD5C-40F86CB3A6D1}.Release|Any CPU.ActiveCfg = Release|Any CPU
		{DFAE1E99-3B26-43C4-BD5C-40F86CB3A6D1}.Release|Any CPU.Build.0 = Release|Any CPU
		{40BB110B-CC48-4BD5-AB81-26AF6D3BA2BC}.Debug|Any CPU.ActiveCfg = Debug|Any CPU
		{40BB110B-CC48-4BD5-AB81-26AF6D3BA2BC}.Debug|Any CPU.Build.0 = Debug|Any CPU
		{40BB110B-CC48-4BD5-AB81-26AF6D3BA2BC}.Release|Any CPU.ActiveCfg = Release|Any CPU
		{40BB110B-CC48-4BD5-AB81-26AF6D3BA2BC}.Release|Any CPU.Build.0 = Release|Any CPU
		{9447B58A-F64F-4704-8C4C-B3CBB5BD8228}.Debug|Any CPU.ActiveCfg = Debug|Any CPU
		{9447B58A-F64F-4704-8C4C-B3CBB5BD8228}.Debug|Any CPU.Build.0 = Debug|Any CPU
		{9447B58A-F64F-4704-8C4C-B3CBB5BD8228}.Release|Any CPU.ActiveCfg = Release|Any CPU
		{9447B58A-F64F-4704-8C4C-B3CBB5BD8228}.Release|Any CPU.Build.0 = Release|Any CPU
		{C99E25F8-9144-4B00-B199-D137CBE641C6}.Debug|Any CPU.ActiveCfg = Debug|Any CPU
		{C99E25F8-9144-4B00-B199-D137CBE641C6}.Debug|Any CPU.Build.0 = Debug|Any CPU
		{C99E25F8-9144-4B00-B199-D137CBE641C6}.Release|Any CPU.ActiveCfg = Release|Any CPU
		{C99E25F8-9144-4B00-B199-D137CBE641C6}.Release|Any CPU.Build.0 = Release|Any CPU
		{1E7B7FAE-C806-43CA-BE3D-D937D7100783}.Debug|Any CPU.ActiveCfg = Debug|Any CPU
		{1E7B7FAE-C806-43CA-BE3D-D937D7100783}.Debug|Any CPU.Build.0 = Debug|Any CPU
		{1E7B7FAE-C806-43CA-BE3D-D937D7100783}.Release|Any CPU.ActiveCfg = Release|Any CPU
		{1E7B7FAE-C806-43CA-BE3D-D937D7100783}.Release|Any CPU.Build.0 = Release|Any CPU
		{DA417FCA-942F-4928-867B-7DF0D9BA0CDC}.Debug|Any CPU.ActiveCfg = Debug|Any CPU
		{DA417FCA-942F-4928-867B-7DF0D9BA0CDC}.Debug|Any CPU.Build.0 = Debug|Any CPU
		{DA417FCA-942F-4928-867B-7DF0D9BA0CDC}.Release|Any CPU.ActiveCfg = Release|Any CPU
		{DA417FCA-942F-4928-867B-7DF0D9BA0CDC}.Release|Any CPU.Build.0 = Release|Any CPU
		{3DD57F28-F167-4729-A348-F927FD5F0915}.Debug|Any CPU.ActiveCfg = Debug|Any CPU
		{3DD57F28-F167-4729-A348-F927FD5F0915}.Debug|Any CPU.Build.0 = Debug|Any CPU
		{3DD57F28-F167-4729-A348-F927FD5F0915}.Release|Any CPU.ActiveCfg = Release|Any CPU
		{3DD57F28-F167-4729-A348-F927FD5F0915}.Release|Any CPU.Build.0 = Release|Any CPU
		{78D8C433-F815-4657-B313-6CEA99FDA2CD}.Debug|Any CPU.ActiveCfg = Debug|Any CPU
		{78D8C433-F815-4657-B313-6CEA99FDA2CD}.Debug|Any CPU.Build.0 = Debug|Any CPU
		{78D8C433-F815-4657-B313-6CEA99FDA2CD}.Release|Any CPU.ActiveCfg = Release|Any CPU
		{78D8C433-F815-4657-B313-6CEA99FDA2CD}.Release|Any CPU.Build.0 = Release|Any CPU
		{5404C57F-3D28-4502-9DC3-68A82C108B4F}.Debug|Any CPU.ActiveCfg = Debug|Any CPU
		{5404C57F-3D28-4502-9DC3-68A82C108B4F}.Debug|Any CPU.Build.0 = Debug|Any CPU
		{5404C57F-3D28-4502-9DC3-68A82C108B4F}.Release|Any CPU.ActiveCfg = Release|Any CPU
		{5404C57F-3D28-4502-9DC3-68A82C108B4F}.Release|Any CPU.Build.0 = Release|Any CPU
		{1F752EBC-B919-4A7E-AC02-D0000E61FAD4}.Debug|Any CPU.ActiveCfg = Debug|Any CPU
		{1F752EBC-B919-4A7E-AC02-D0000E61FAD4}.Debug|Any CPU.Build.0 = Debug|Any CPU
		{1F752EBC-B919-4A7E-AC02-D0000E61FAD4}.Release|Any CPU.ActiveCfg = Release|Any CPU
		{1F752EBC-B919-4A7E-AC02-D0000E61FAD4}.Release|Any CPU.Build.0 = Release|Any CPU
		{E8FD28A8-FE56-4C07-A967-5B51A065EB87}.Debug|Any CPU.ActiveCfg = Debug|Any CPU
		{E8FD28A8-FE56-4C07-A967-5B51A065EB87}.Debug|Any CPU.Build.0 = Debug|Any CPU
		{E8FD28A8-FE56-4C07-A967-5B51A065EB87}.Release|Any CPU.ActiveCfg = Release|Any CPU
		{E8FD28A8-FE56-4C07-A967-5B51A065EB87}.Release|Any CPU.Build.0 = Release|Any CPU
	EndGlobalSection
	GlobalSection(SolutionProperties) = preSolution
		HideSolutionNode = FALSE
	EndGlobalSection
	GlobalSection(ExtensibilityGlobals) = postSolution
		SolutionGuid = {ECCEAD65-C209-4689-81E3-02218CF68685}
	EndGlobalSection
EndGlobal
